
Microsoft Visual Studio Solution File, Format Version 12.00
# Visual Studio Version 16
VisualStudioVersion = 16.0.30621.155
MinimumVisualStudioVersion = 10.0.40219.1
Project("{FAE04EC0-301F-11D3-BF4B-00C04F79EFBC}") = "HeatingElements", "HeatingElements.csproj", "{4DF4394F-261D-43C9-A85C-50C5CC27870A}"
EndProject
Global
	GlobalSection(SolutionConfigurationPlatforms) = preSolution
		Debug|Any CPU = Debug|Any CPU
		Release|Any CPU = Release|Any CPU
	EndGlobalSection
	GlobalSection(ProjectConfigurationPlatforms) = postSolution
		{4DF4394F-261D-43C9-A85C-50C5CC27870A}.Debug|Any CPU.ActiveCfg = Debug|Any CPU
		{4DF4394F-261D-43C9-A85C-50C5CC27870A}.Debug|Any CPU.Build.0 = Debug|Any CPU
		{4DF4394F-261D-43C9-A85C-50C5CC27870A}.Release|Any CPU.ActiveCfg = Release|Any CPU
		{4DF4394F-261D-43C9-A85C-50C5CC27870A}.Release|Any CPU.Build.0 = Release|Any CPU
	EndGlobalSection
	GlobalSection(SolutionProperties) = preSolution
		HideSolutionNode = FALSE
	EndGlobalSection
	GlobalSection(ExtensibilityGlobals) = postSolution
		SolutionGuid = {E9D99CD7-E09F-493A-BE48-068B77D25880}
	EndGlobalSection
EndGlobal
